dependencies:
- name: doc-config
  repository: https://charts.cloudnativetoolkit.dev/
  version: 0.1.0
- name: doc-config
  repository: https://charts.cloudnativetoolkit.dev/
  version: 0.1.0
digest: sha256:0de03f60024bb8722c686fdedd8ee1d2d56bbd2534afaee0333b919df4b7957c
generated: "2021-04-28T23:32:59.298134-05:00"
